
Microsoft Visual Studio Solution File, Format Version 12.00
# Visual Studio 15
VisualStudioVersion = 15.0.28307.136
MinimumVisualStudioVersion = 10.0.40219.1
Project("{FAE04EC0-301F-11D3-BF4B-00C04F79EFBC}") = "BoredWebApp", "BoredWebApp\BoredWebApp.csproj", "{CA92BEDD-2604-4AA7-A4DE-2FEBACF9952E}"
EndProject
Global
	GlobalSection(SolutionConfigurationPlatforms) = preSolution
		Debug|Any CPU = Debug|Any CPU
		Release|Any CPU = Release|Any CPU
	EndGlobalSection
	GlobalSection(ProjectConfigurationPlatforms) = postSolution
		{CA92BEDD-2604-4AA7-A4DE-2FEBACF9952E}.Debug|Any CPU.ActiveCfg = Debug|Any CPU
		{CA92BEDD-2604-4AA7-A4DE-2FEBACF9952E}.Debug|Any CPU.Build.0 = Debug|Any CPU
		{CA92BEDD-2604-4AA7-A4DE-2FEBACF9952E}.Release|Any CPU.ActiveCfg = Release|Any CPU
		{CA92BEDD-2604-4AA7-A4DE-2FEBACF9952E}.Release|Any CPU.Build.0 = Release|Any CPU
	EndGlobalSection
	GlobalSection(SolutionProperties) = preSolution
		HideSolutionNode = FALSE
	EndGlobalSection
	GlobalSection(ExtensibilityGlobals) = postSolution
		SolutionGuid = {B2F6DF82-D152-4261-9EF9-DA9974E00094}
	EndGlobalSection
EndGlobal
